
Microsoft Visual Studio Solution File, Format Version 12.00
# Visual Studio Version 17
VisualStudioVersion = 17.4.33205.214
MinimumVisualStudioVersion = 10.0.40219.1
Project("{FAE04EC0-301F-11D3-BF4B-00C04F79EFBC}") = "AMH_MarketPlace", "AMH_MarketPlace\AMH_MarketPlace.csproj", "{366DEDBC-0FF9-4F5F-8E5E-C439F7C554BF}"
EndProject
Global
	GlobalSection(SolutionConfigurationPlatforms) = preSolution
		Debug|Any CPU = Debug|Any CPU
		Release|Any CPU = Release|Any CPU
	EndGlobalSection
	GlobalSection(ProjectConfigurationPlatforms) = postSolution
		{366DEDBC-0FF9-4F5F-8E5E-C439F7C554BF}.Debug|Any CPU.ActiveCfg = Debug|Any CPU
		{366DEDBC-0FF9-4F5F-8E5E-C439F7C554BF}.Debug|Any CPU.Build.0 = Debug|Any CPU
		{366DEDBC-0FF9-4F5F-8E5E-C439F7C554BF}.Release|Any CPU.ActiveCfg = Release|Any CPU
		{366DEDBC-0FF9-4F5F-8E5E-C439F7C554BF}.Release|Any CPU.Build.0 = Release|Any CPU
	EndGlobalSection
	GlobalSection(SolutionProperties) = preSolution
		HideSolutionNode = FALSE
	EndGlobalSection
	GlobalSection(ExtensibilityGlobals) = postSolution
		SolutionGuid = {534B718F-0015-4C78-84AC-06E49D04C876}
	EndGlobalSection
EndGlobal
